
Microsoft Visual Studio Solution File, Format Version 12.00
# Visual Studio Version 16
VisualStudioVersion = 16.0.30717.126
MinimumVisualStudioVersion = 10.0.40219.1
Project("{FAE04EC0-301F-11D3-BF4B-00C04F79EFBC}") = "Conway's Game of Life", "Conway's Game of Life\Conway's Game of Life.csproj", "{572ADCEB-5D4F-4ADE-9CFB-3DD86AFACDCA}"
EndProject
Global
	GlobalSection(SolutionConfigurationPlatforms) = preSolution
		Debug|Any CPU = Debug|Any CPU
		Release|Any CPU = Release|Any CPU
	EndGlobalSection
	GlobalSection(ProjectConfigurationPlatforms) = postSolution
		{572ADCEB-5D4F-4ADE-9CFB-3DD86AFACDCA}.Debug|Any CPU.ActiveCfg = Debug|Any CPU
		{572ADCEB-5D4F-4ADE-9CFB-3DD86AFACDCA}.Debug|Any CPU.Build.0 = Debug|Any CPU
		{572ADCEB-5D4F-4ADE-9CFB-3DD86AFACDCA}.Release|Any CPU.ActiveCfg = Release|Any CPU
		{572ADCEB-5D4F-4ADE-9CFB-3DD86AFACDCA}.Release|Any CPU.Build.0 = Release|Any CPU
	EndGlobalSection
	GlobalSection(SolutionProperties) = preSolution
		HideSolutionNode = FALSE
	EndGlobalSection
	GlobalSection(ExtensibilityGlobals) = postSolution
		SolutionGuid = {A0A63DF5-4948-48B6-ACFA-DEB25A826312}
	EndGlobalSection
EndGlobal
